github.com/alecthomas/jsonschema v0.0.0-20211228220459-151e3c21f49d h1:4BQNwS4T13UU3Yee4GfzZH3Q9SNpKeJvLigfw8fDjX0=
github.com/alecthomas/jsonschema v0.0.0-20211228220459-151e3c21f49d/go.mod h1:/n6+1/DWPltRLWL/VKyUxg6tzsl5kHUCcraimt4vr60=
github.com/aws/aws-sdk-go v1.41.19 h1:9QR2WTNj5bFdrNjRY9SeoG+3hwQmKXGX16851vdh+N8=
github.com/aws/aws-sdk-go v1.41.19/go.mod h1:585smgzpB/KqRA+K3y/NL/oYRqQvpNJYvLm+LY1U59Q=
github.com/aws/aws-sdk-go v1.42.12 h1:zVrAgi3/HuMPygZknc+f2KAHcn+Zuq767857hnHBMPA=
github.com/aws/aws-sdk-go v1.42.12/go.mod h1:585smgzpB/KqRA+K3y/NL/oYRqQvpNJYvLm+LY1U59Q=
github.com/aws/aws-sdk-go v1.42.32 h1:YRe7du5KeSa2jHKEccOSL6/1fNM1Qaj0JqSGTdmtaws=
github.com/aws/aws-sdk-go v1.42.32/go.mod h1:OGr6lGMAKGlG9CVrYnWYDKIyb829c6EVBRjxqjmPepc=
github.com/aws/aws-sdk-go v1.42.33 h1:YlwikF3suaqs6XXwCQAnQ1xDXv0olmYRqD4W+lXcfF8=
github.com/aws/aws-sdk-go v1.42.33/go.mod h1:OGr6lGMAKGlG9CVrYnWYDKIyb829c6EVBRjxqjmPepc=
github.com/aws/aws-sdk-go v1.42.35 h1:N4N9buNs4YlosI9N0+WYrq8cIZwdgv34yRbxzZlTvFs=
github.com/aws/aws-sdk-go v1.42.35/go.mod h1:OGr6lGMAKGlG9CVrYnWYDKIyb829c6EVBRjxqjmPepc=
github.com/aws/aws-sdk-go-v2 v1.10.0 h1:+dCJ5W2HiZNa4UtaIc5ljKNulm0dK0vS5dxb5LdDOAA=
github.com/aws/aws-sdk-go-v2 v1.10.0/go.mod h1:U/EyyVvKtzmFeQQcca7eBotKdlpcP2zzU6bXBYcf7CE=
github.com/aws/aws-sdk-go-v2 v1.11.1 h1:GzvOVAdTbWxhEMRK4FfiblkGverOkAT0UodDxC1jHQM=
github.com/aws/aws-sdk-go-v2 v1.11.1/go.mod h1:SQfA+m2ltnu1cA0soUkj4dRSsmITiVQUJvBIZjzfPyQ=
github.com/aws/aws-sdk-go-v2 v1.12.0 h1:z5bijqy+eXLK/QqF6eQcwCN2qw1k+m9OUDicqCZygu0=
github.com/aws/aws-sdk-go-v2 v1.12.0/go.mod h1:tWhQI5N5SiMawto3uMAQJU5OUN/1ivhDDHq7HTsJvZ0=
github.com/aws/aws-sdk-go-v2 v1.13.0 h1:1XIXAfxsEmbhbj5ry3D3vX+6ZcUYvIqSm4CWWEuGZCA=
github.com/aws/aws-sdk-go-v2 v1.13.0/go.mod h1:L6+ZpqHaLbAaxsqV0L4cvxZY7QupWJB4fhkf8LXvC7w=
github.com/aws/aws-sdk-go-v2/config v1.9.0 h1:SkREVSwi+J8MSdjhJ96jijZm5ZDNleI0E4hHCNivh7s=
github.com/aws/aws-sdk-go-v2/config v1.9.0/go.mod h1:qhK5NNSgo9/nOSMu3HyE60WHXZTWTHTgd5qtIF44vOQ=
github.com/aws/aws-sdk-go-v2/config v1.10.2 h1:lrNnqRpPDgrozyKMnt5/Bhcv01kel7JO6KFx4VdroCY=
github.com/aws/aws-sdk-go-v2/config v1.10.2/go.mod h1:OY1jfuHozx6GDg+NITKNukVQi4fLlnenu1PAbDJg5fk=
github.com/aws/aws-sdk-go-v2/config v1.12.0 h1:WOhIzj5HdixjlvQ4SLYAOk6OUUsuu88RwcsTzexa9cg=
github.com/aws/aws-sdk-go-v2/config v1.12.0/go.mod h1:GQONFVSDdG6RRho1C730SGNyDhS1kSTnxpOE76ptBqo=
github.com/aws/aws-sdk-go-v2/config v1.13.0 h1:1ij3YPk13RrIn1h+pH+dArh3lNPD5JSAP+ifOkNhnB0=
github.com/aws/aws-sdk-go-v2/config v1.13.0/go.mod h1:Pjv2OafecIn+4miw9VFDCr06YhKyf/oKOkIcpQOgWKk=
github.com/aws/aws-sdk-go-v2/credentials v1.5.0 h1:r6470olsn2qyOe2aLzK6q+wfO3dzNcMujRT3gqBgBB8=
github.com/aws/aws-sdk-go-v2/credentials v1.5.0/go.mod h1:kvqTkpzQmzri9PbsiTY+LvwFzM0gY19emlAWwBOJMb0=
github.com/aws/aws-sdk-go-v2/credentials v1.6.2 h1:2faRNX8JgZVy7dDxERkaGBqb/xo5Rgmc8JMPL5j1o58=
github.com/aws/aws-sdk-go-v2/credentials v1.6.2/go.mod h1:8kRH9fthlxHEeNJ3g1N3NTSUMBba+KtTM8hp6SvUWn8=
github.com/aws/aws-sdk-go-v2/credentials v1.7.0 h1:KFuKwPs7i5SE5a0LxqAxz75qxSjr2HnHnhu0UPGlvpM=
github.com/aws/aws-sdk-go-v2/credentials v1.7.0/go.mod h1:Kmq64kahHJtXfmnEwnvRKeNjLBqkdP++Itln9BmQerE=
github.com/aws/aws-sdk-go-v2/credentials v1.8.0 h1:8Ow0WcyDesGNL0No11jcgb1JAtE+WtubqXjgxau+S0o=
github.com/aws/aws-sdk-go-v2/credentials v1.8.0/go.mod h1:gnMo58Vwx3Mu7hj1wpcG8DI0s57c9o42UQ6wgTQT5to=
github.com/aws/aws-sdk-go-v2/feature/ec2/imds v1.7.0 h1:FKaqk7geL3oIqSwGJt5SWUKj8uJ+qLZNqlBuqq6sFyA=
github.com/aws/aws-sdk-go-v2/feature/ec2/imds v1.7.0/go.mod h1:KqEkRkxm/+1Pd/rENRNbQpfblDBYeg5HDSqjB6ks8hA=
github.com/aws/aws-sdk-go-v2/feature/ec2/imds v1.8.1 h1:pXwGBINU30CsjYztV/IyCgA7QKp99Q8wM4Gb0Ls3rB0=
github.com/aws/aws-sdk-go-v2/feature/ec2/imds v1.8.1/go.mod h1:MYiG3oeEcmrdBOV7JOIWhionzyRZJWCnByS5FmvhAoU=
github.com/aws/aws-sdk-go-v2/feature/ec2/imds v1.9.0 h1:fPq3oloONbHaA0O8KX/KYUQk7pG9JjKBwYQvQsQDK84=
github.com/aws/aws-sdk-go-v2/feature/ec2/imds v1.9.0/go.mod h1:19SxQ+9zANyJCnNaoF3ovl8bFil4TaqCYEDdqNGKM+A=
github.com/aws/aws-sdk-go-v2/feature/ec2/imds v1.10.0 h1:NITDuUZO34mqtOwFWZiXo7yAHj7kf+XPE+EiKuCBNUI=
github.com/aws/aws-sdk-go-v2/feature/ec2/imds v1.10.0/go.mod h1:I6/fHT/fH460v09eg2gVrd8B/IqskhNdpcLH0WNO3QI=
github.com/aws/aws-sdk-go-v2/internal/configsources v1.1.1 h1:LZwqhOyqQ2w64PZk04V0Om9AEExtW8WMkCRoE1h9/94=
github.com/aws/aws-sdk-go-v2/internal/configsources v1.1.1/go.mod h1:22SEiBSQm5AyKEjoPcG1hzpeTI+m9CXfE6yt1h49wBE=
github.com/aws/aws-sdk-go-v2/internal/configsources v1.1.3 h1:YPNiEXnuWdkpNOwBFHhcLwkSmewwQRcPFO9dHmxU0qg=
github.com/aws/aws-sdk-go-v2/internal/configsources v1.1.3/go.mod h1:L72JSFj9OwHwyukeuKFFyTj6uFWE4AjB0IQp97bd9Lc=
github.com/aws/aws-sdk-go-v2/internal/configsources v1.1.4 h1:CRiQJ4E2RhfDdqbie1ZYDo8QtIo75Mk7oTdJSfwJTMQ=
github.com/aws/aws-sdk-go-v2/internal/configsources v1.1.4/go.mod h1:XHgQ7Hz2WY2GAn//UXHofLfPXWh+s62MbMOijrg12Lw=
github.com/aws/aws-sdk-go-v2/internal/endpoints/v2 v2.0.1 h1:ObMfGNk0xjOWduPxsrRWVwZZia3e9fOcO6zlKCkt38s=
github.com/aws/aws-sdk-go-v2/internal/endpoints/v2 v2.0.1/go.mod h1:1xvCD+I5BcDuQUc+psZr7LI1a9pclAWZs3S3Gce5+lg=
github.com/aws/aws-sdk-go-v2/internal/endpoints/v2 v2.1.0 h1:ArRd27pSm66f7cCBDPS77wvxiS4IRjFatpzVBD7Aojc=
github.com/aws/aws-sdk-go-v2/internal/endpoints/v2 v2.1.0/go.mod h1:KdVvdk4gb7iatuHZgIkIqvJlWHBtjCJLUtD/uO/FkWw=
github.com/aws/aws-sdk-go-v2/internal/endpoints/v2 v2.2.0 h1:3ADoioDMOtF4uiK59vCpplpCwugEU+v4ZFD29jDL3RQ=
github.com/aws/aws-sdk-go-v2/internal/endpoints/v2 v2.2.0/go.mod h1:BsCSJHx5DnDXIrOcqB8KN1/B+hXLG/bi4Y6Vjcx/x9E=
github.com/aws/aws-sdk-go-v2/internal/ini v1.2.5 h1:zPxLGWALExNepElO0gYgoqsbqTlt4ZCrhZ7XlfJ+Qlw=
github.com/aws/aws-sdk-go-v2/internal/ini v1.2.5/go.mod h1:6ZBTuDmvpCOD4Sf1i2/I3PgftlEcDGgvi8ocq64oQEg=
github.com/aws/aws-sdk-go-v2/internal/ini v1.3.1 h1:fdQSN/ieDwbxdj7ptvFKjS2cS2a91l/WdjacCt5GgTE=
github.com/aws/aws-sdk-go-v2/internal/ini v1.3.1/go.mod h1:5eEM4wZ6I2GaeOaVXsiJexIH4P1sFnK5Yp2Tlw9Ah3c=
github.com/aws/aws-sdk-go-v2/internal/ini v1.3.3 h1:fmGqMNlFTHr9Y48qmYYv2qIo+TAsST3qZa2d1HcwBeo=
github.com/aws/aws-sdk-go-v2/internal/ini v1.3.3/go.mod h1:N4dv+zawriMFZBO/6UKg3zt+XO6xWOQo1neAA0lFbo4=
github.com/aws/aws-sdk-go-v2/internal/ini v1.3.4 h1:0NrDHIwS1LIR750ltj6ciiu4NZLpr9rgq8vHi/4QD4s=
github.com/aws/aws-sdk-go-v2/internal/ini v1.3.4/go.mod h1:R3sWUqPcfXSiF/LSFJhjyJmpg9uV6yP2yv3YZZjldVI=
github.com/aws/aws-sdk-go-v2/service/internal/presigned-url v1.4.0 h1:/T5wKsw/po118HEDvnSE8YU7TESxvZbYM2rnn+Oi7Kk=
github.com/aws/aws-sdk-go-v2/service/internal/presigned-url v1.4.0/go.mod h1:X5/JuOxPLU/ogICgDTtnpfaQzdQJO0yKDcpoxWLLJ8Y=
github.com/aws/aws-sdk-go-v2/service/internal/presigned-url v1.5.1 h1:ZFSfgetO5kf4WXy+a2B8zug6DXGUYjsWacyvwx5cgXU=
github.com/aws/aws-sdk-go-v2/service/internal/presigned-url v1.5.1/go.mod h1:fEaHB2bi+wVZw4uKMHEXTL9LwtT4EL//DOhTeflqIVo=
github.com/aws/aws-sdk-go-v2/service/internal/presigned-url v1.6.0 h1:rwE0kWa5qm0yEoNPwC3zhrt1tFVXTmkWRlUxLayAwyc=
github.com/aws/aws-sdk-go-v2/service/internal/presigned-url v1.6.0/go.mod h1:wTgFkG6t7jS/6Y0SILXwfspV3IXowb6ngsAlSajW0Kc=
github.com/aws/aws-sdk-go-v2/service/internal/presigned-url v1.7.0 h1:4QAOB3KrvI1ApJK14sliGr3Ie2pjyvNypn/lfzDHfUw=
github.com/aws/aws-sdk-go-v2/service/internal/presigned-url v1.7.0/go.mod h1:K/qPe6AP2TGYv4l6n7c88zh9jWBDf6nHhvg1fx/EWfU=
github.com/aws/aws-sdk-go-v2/service/sqs v1.10.0 h1:KK/u/Q7rbRW9+8iH0HWhl2lM3Mf9bQ1BmA7sYSEq8Bw=
github.com/aws/aws-sdk-go-v2/service/sqs v1.10.0/go.mod h1:l6Q5eEmSTmzpFLp8XZk4dUs7SHw1lZ3WaAHaoYSWx6g=
github.com/aws/aws-sdk-go-v2/service/sqs v1.12.1 h1:t76IPhbZRQdnPBMPIg1IWI/rZyNuWsXMrRdvHkOCx0s=
github.com/aws/aws-sdk-go-v2/service/sqs v1.12.1/go.mod h1:yKe1+YpZtnwz7h6juYHGg3ZfNMv8qbjexS6sUcPn3yY=
github.com/aws/aws-sdk-go-v2/service/sqs v1.15.0 h1:XqJ0gfT7oWQtLoig+sNiqBYJPOAGV7bTsSxDR2NJsBw=
github.com/aws/aws-sdk-go-v2/service/sqs v1.15.0/go.mod h1:z9jr/hWntzJNl1ISnw27SCKa/bnI9Pm0u0OgEKxrE2Y=
github.com/aws/aws-sdk-go-v2/service/sqs v1.16.0 h1:dzWS4r8E9bA0TesHM40FSAtedwpTVCuTsLI8EziSqyk=
github.com/aws/aws-sdk-go-v2/service/sqs v1.16.0/go.mod h1:IBTQMG8mtyj37OWg7vIXcg714Ntcb/LlYou/rZpvV1k=
github.com/aws/aws-sdk-go-v2/service/sso v1.5.0 h1:VnrCAJTp1bDxU79UuW/D4z7bwZ7xOc7JjDKpqXL/m04=
github.com/aws/aws-sdk-go-v2/service/sso v1.5.0/go.mod h1:GsqaJOJeOfeYD88/2vHWKXegvDRofDqWwC5i48A2kgs=
github.com/aws/aws-sdk-go-v2/service/sso v1.6.1 h1:NF/qN6e8hdHO/Pt5jN+S65dxFom3b8+ciVdyv8Jr00U=
github.com/aws/aws-sdk-go-v2/service/sso v1.6.1/go.mod h1:/73aFBwUl60wKBKhdth2pEOkut5ZNjVHGF9hjXz0bM0=
github.com/aws/aws-sdk-go-v2/service/sso v1.8.0 h1:X77LUt6Djy3Z02r6tW7Z+4FNr6GCnEG54EXfskc19M4=
github.com/aws/aws-sdk-go-v2/service/sso v1.8.0/go.mod h1:AB6v3BedyhVRIbPQbJnUsBmtup2pFiikpp5n3YyB6Ac=
github.com/aws/aws-sdk-go-v2/service/sso v1.9.0 h1:1qLJeQGBmNQW3mBNzK2CFmrQNmoXWrscPqsrAaU1aTA=
github.com/aws/aws-sdk-go-v2/service/sso v1.9.0/go.mod h1:vCV4glupK3tR7pw7ks7Y4jYRL86VvxS+g5qk04YeWrU=
github.com/aws/aws-sdk-go-v2/service/sts v1.8.0 h1:7N7RsEVvUcvEg7jrWKU5AnSi4/6b6eY9+wG1g6W4ExE=
github.com/aws/aws-sdk-go-v2/service/sts v1.8.0/go.mod h1:dOlm91B439le5y1vtPCk5yJtbx3RdT3hRGYRY8TYKvQ=
github.com/aws/aws-sdk-go-v2/service/sts v1.10.1 h1:2DKYFOmC7d3WOzdBTFJxfkcMXVVIgcitrpEoJDUKlN4=
github.com/aws/aws-sdk-go-v2/service/sts v1.10.1/go.mod h1:+BmlPeQ1Y+PuIho93MMKDby12PoUnt1SZXQdEHCzSlw=
github.com/aws/aws-sdk-go-v2/service/sts v1.13.0 h1:n8+dZMOvwkGtmhub8B2wYvRHut45/NB7DeNhNcUnBpg=
github.com/aws/aws-sdk-go-v2/service/sts v1.13.0/go.mod h1:jQto17aC9pJ6xRa1g29uXZhbcS6qNT3PSnKfPShq4sY=
github.com/aws/aws-sdk-go-v2/service/sts v1.14.0 h1:ksiDXhvNYg0D2/UFkLejsaz3LqpW5yjNQ8Nx9Sn2c0E=
github.com/aws/aws-sdk-go-v2/service/sts v1.14.0/go.mod h1:u0xMJKDvvfocRjiozsoZglVNXRG19043xzp3r2ivLIk=
github.com/aws/smithy-go v1.8.1 h1:9Y6qxtzgEODaLNGN+oN2QvcHvKUe4jsH8w4M+8LXzGk=
github.com/aws/smithy-go v1.8.1/go.mod h1:SObp3lf9smib00L/v3U2eAKG8FyQ7iLrJnQiAmR5n+E=
github.com/aws/smithy-go v1.9.0 h1:c7FUdEqrQA1/UVKKCNDFQPNKGp4FQg3YW4Ck5SLTG58=
github.com/aws/smithy-go v1.9.0/go.mod h1:SObp3lf9smib00L/v3U2eAKG8FyQ7iLrJnQiAmR5n+E=
github.com/aws/smithy-go v1.9.1 h1:5vetTooLk4hPWV8q6ym6+lXKAT1Urnm49YkrRKo2J8o=
github.com/aws/smithy-go v1.9.1/go.mod h1:SObp3lf9smib00L/v3U2eAKG8FyQ7iLrJnQiAmR5n+E=
github.com/aws/smithy-go v1.10.0 h1:gsoZQMNHnX+PaghNw4ynPsyGP7aUCqx5sY2dlPQsZ0w=
github.com/aws/smithy-go v1.10.0/go.mod h1:SObp3lf9smib00L/v3U2eAKG8FyQ7iLrJnQiAmR5n+E=
github.com/davecgh/go-spew v1.1.0 h1:ZDRjVQ15GmhC3fiQ8ni8+OwkZQO4DARzQgrnXU1Liz8=
github.com/davecgh/go-spew v1.1.0/go.mod h1:J7Y8YcW2NihsgmVo/mv3lAwl/skON4iLHjSsI+c5H38=
github.com/falcosecurity/plugin-sdk-go v0.0.0-20211118084820-0a93ddf5925a h1:4Uo3sbfMvzfQqLW8M15YaAimJU8oWPL0HrNL9ssIH/o=
github.com/falcosecurity/plugin-sdk-go v0.0.0-20211118084820-0a93ddf5925a/go.mod h1:9IdFIqRwJIFDfKnwTTM6S4mLITNfdjVl+5r4RY0TmRo=
github.com/falcosecurity/plugin-sdk-go v0.0.0-20211125012426-11baaa45581c h1:aO8LZhp+IEAvuyq5/7v1f+ZqIUSDR6XscBVxIN55lGU=
github.com/falcosecurity/plugin-sdk-go v0.0.0-20211125012426-11baaa45581c/go.mod h1:9IdFIqRwJIFDfKnwTTM6S4mLITNfdjVl+5r4RY0TmRo=
github.com/falcosecurity/plugin-sdk-go v0.0.0-20220110093445-95e8e3b26060 h1:QWZ1HV4IYvWTYMWZfJDffRjSNLVSL9ebdP+pt7PPS+0=
github.com/falcosecurity/plugin-sdk-go v0.0.0-20220110093445-95e8e3b26060/go.mod h1:9IdFIqRwJIFDfKnwTTM6S4mLITNfdjVl+5r4RY0TmRo=
github.com/falcosecurity/plugin-sdk-go v0.0.0-20220113100444-1b05a1228a44 h1:SfWJBwP6EH/3xFXdXNhEvPSoOunDiEFrwhxXuoNRilc=
github.com/falcosecurity/plugin-sdk-go v0.0.0-20220113100444-1b05a1228a44/go.mod h1:9IdFIqRwJIFDfKnwTTM6S4mLITNfdjVl+5r4RY0TmRo=
github.com/falcosecurity/plugin-sdk-go v0.1.0 h1:uLcU/3ydPxXHpojqHg8hROaPL2fsE43VdoS//OL1HoI=
github.com/falcosecurity/plugin-sdk-go v0.1.0/go.mod h1:9IdFIqRwJIFDfKnwTTM6S4mLITNfdjVl+5r4RY0TmRo=
github.com/google/go-cmp v0.5.4/go.mod h1:v8dTdLbMG2kIc/vJvl+f65V22dbkXbowE6jgT/gNBxE=
github.com/google/go-cmp v0.5.6 h1:BKbKCqvP6I+rmFHt06ZmyQtvB8xAkWdhFyr0ZUNZcxQ=
github.com/google/go-cmp v0.5.6/go.mod h1:v8dTdLbMG2kIc/vJvl+f65V22dbkXbowE6jgT/gNBxE=
github.com/iancoleman/orderedmap v0.0.0-20190318233801-ac98e3ecb4b0 h1:i462o439ZjprVSFSZLZxcsoAe592sZB1rci2Z8j4wdk=
github.com/iancoleman/orderedmap v0.0.0-20190318233801-ac98e3ecb4b0/go.mod h1:N0Wam8K1arqPXNWjMo21EXnBPOPp36vB07FNRdD2geA=
github.com/jmespath/go-jmespath v0.4.0 h1:BEgLn5cpjn8UN1mAw4NjwDrS35OdebyEtFe+9YPoQUg=
github.com/jmespath/go-jmespath v0.4.0/go.mod h1:T8mJZnbsbmF+m6zOOFylbeCJqk5+pHWvzYPziyZiYoo=
github.com/jmespath/go-jmespath/internal/testify v1.5.1 h1:shLQSRRSCCPj3f2gpwzGwWFoC7ycTf1rcQZHOlsJ6N8=
github.com/jmespath/go-jmespath/internal/testify v1.5.1/go.mod h1:L3OGu8Wl2/fWfCI6z80xFu9LTZmf1ZRjMHUOPmWr69U=
github.com/pkg/errors v0.9.1/go.mod h1:bwawxfHBFNV+L2hUp1rHADufV3IMtnDRdf1r5NINEl0=
github.com/pmezard/go-difflib v1.0.0 h1:4DBwDE0NGyQoBHbLQYPwSUPoCMWR5BEzIk/f1lZbAQM=
github.com/pmezard/go-difflib v1.0.0/go.mod h1:iKH77koFhYxTK1pcRnkKkqfTogsbg7gZNVY4sRDYZ/4=
github.com/stretchr/objx v0.1.0/go.mod h1:HFkY916IF+rwdDfMAkV7OtwuqBVzrE8GR6GFx+wExME=
github.com/stretchr/testify v1.3.1-0.20190311161405-34c6fa2dc709 h1:Ko2LQMrRU+Oy/+EDBwX7eZ2jp3C47eDBB8EIhKTun+I=
github.com/stretchr/testify v1.3.1-0.20190311161405-34c6fa2dc709/go.mod h1:M5WIy9Dh21IEIfnGCwXGc5bZfKNJtfHm1UVUgZn+9EI=
github.com/valyala/fastjson v1.6.3 h1:tAKFnnwmeMGPbwJ7IwxcTPCNr3uIzoIj3/Fh90ra4xc=
github.com/valyala/fastjson v1.6.3/go.mod h1:CLCAqky6SMuOcxStkYQvblddUtoRxhYMGLrsQns1aXY=
golang.org/x/net v0.0.0-20210614182718-04defd469f4e h1:XpT3nA5TvE525Ne3hInMh6+GETgn27Zfm9dxsThnX2Q=
golang.org/x/net v0.0.0-20210614182718-04defd469f4e/go.mod h1:9nx3DQGgdP8bBQD5qxJ1jj9UTztislL4KSBs9R2vV5Y=
golang.org/x/net v0.0.0-20211216030914-fe4d6282115f/go.mod h1:9nx3DQGgdP8bBQD5qxJ1jj9UTztislL4KSBs9R2vV5Y=
golang.org/x/sys v0.0.0-20201119102817-f84b799fce68/go.mod h1:h1NjWce9XRLGQEsW7wpKNCjG9DtNlClVuFLEZdDNbEs=
golang.org/x/sys v0.0.0-20210423082822-04245dca01da/go.mod h1:h1NjWce9XRLGQEsW7wpKNCjG9DtNlClVuFLEZdDNbEs=
golang.org/x/term v0.0.0-20201126162022-7de9c90e9dd1/go.mod h1:bj7SfCRtBDWHUb9snDiAeCFNEtKQo2Wmx5Cou7ajbmo=
golang.org/x/text v0.3.6 h1:aRYxNxv6iGQlyVaZmk6ZgYEDa+Jg18DxebPSrd6bg1M=
golang.org/x/text v0.3.6/go.mod h1:5Zoc/QRtKVWzQhOtBMvqHzDpF6irO9z98xDceosuGiQ=
golang.org/x/tools v0.0.0-20180917221912-90fa682c2a6e/go.mod h1:n7NCudcB/nEzxVGmLbDWY5pfWTLqBcC2KZ6jyYvM4mQ=
golang.org/x/xerrors v0.0.0-20191204190536-9bdfabe68543 h1:E7g+9GITq07hpfrRu66IVDexMakfv52eLZ2CXBWiKr4=
golang.org/x/xerrors v0.0.0-20191204190536-9bdfabe68543/go.mod h1:I/5z698sn9Ka8TeJc9MKroUUfqBBauWjQqLJ2OPfmY0=
gopkg.in/check.v1 v0.0.0-20161208181325-20d25e280405 h1:yhCVgyC4o1eVCa2tZl7eS0r+SDo693bJlVdllGtEeKM=
gopkg.in/check.v1 v0.0.0-20161208181325-20d25e280405/go.mod h1:Co6ibVJAznAaIkqp8huTwlJQCZ016jof/cbN4VW5Yz0=
gopkg.in/yaml.v2 v2.2.8 h1:obN1ZagJSUGI0Ek/LBmuj4SNLPfIny3KsKFopxRdj10=
gopkg.in/yaml.v2 v2.2.8/go.mod h1:hI93XBmqTisBFMUTm0b8Fm+jr3Dg1NNxqwp+5A1VGuI=
