github.com/aws/aws-sdk-go-v2 v1.45.1 h1:iIoG3NaLhV6UZpPXyPXlDj2I9oS8tV/nMcMnITCC6Ks=
github.com/aws/aws-sdk-go-v2 v1.45.1/go.mod h1:bttEH6JqnUL8LepvDVfdrds/fZ5bCIxzpe3abyUrhDU=
github.com/aws/aws-sdk-go-v2/aws/protocol/eventstream v1.7.20 h1:GPRlPwz40I2B2VrBEASOA3Bi77NyeqejNLkifosX0rs=
github.com/aws/aws-sdk-go-v2/aws/protocol/eventstream v1.7.20/go.mod h1:g7PNzKcsOKWb4fkSRBA7BZVAS6Y8IcxzN+nRohhQ1Q8=
github.com/aws/aws-sdk-go-v2/internal/configsources v1.5.1 h1:pc138gM1CW+XPc60rEwUlwwuwWFQK16CI1T7v1F9Oec=
github.com/aws/aws-sdk-go-v2/internal/configsources v1.5.1/go.mod h1:1+koxpPIbfBdfzP6vojm5/zTpTQ/micYwlxIiNB3TxI=
github.com/aws/aws-sdk-go-v2/internal/endpoints/v2 v2.8.1 h1:K0JsbZQj+1h208Ro1zHeA4l7bMp0NvRffHQ91q8Ol1s=
github.com/aws/aws-sdk-go-v2/internal/endpoints/v2 v2.8.1/go.mod h1:W3/vL6EtCIatICGy9ab29QhMuae+cOKPWcMxv02CO+Q=
github.com/aws/aws-sdk-go-v2/service/cloudwatchlogs v1.84.1 h1:GTN8kHGLbUlnaXPyTuZAhsXMbj77Pnj52P7SOX919Jo=
github.com/aws/aws-sdk-go-v2/service/cloudwatchlogs v1.84.1/go.mod h1:hp3qwCtX+QPXVJMyKsFO/sLXkirzH0R3UHRVM4QBGV4=
github.com/aws/smithy-go v1.28.1 h1:R/nXH00c8qcfCzQVELtRw+eLQWtzv+VAIEFJ1/xxXlQ=
github.com/aws/smithy-go v1.28.1/go.mod h1:YE2RhdIuDbA5E5bTdciG9KrW3+TiEONeUWCqxX9i1Fc=
